
Microsoft Visual Studio Solution File, Format Version 12.00
# Visual Studio Version 17
VisualStudioVersion = 17.1.32421.90
MinimumVisualStudioVersion = 10.0.40219.1
Project("{9A19103F-16F7-4668-BE54-9A1E7A4F7556}") = "RBBS_CS", "RBBS_CS\RBBS_CS.csproj", "{936B75DB-59A7-4093-B32C-FED21C1D5425}"
EndProject
Project("{9A19103F-16F7-4668-BE54-9A1E7A4F7556}") = "Org.OpenAPIToolsServer", "Server\src\Org.OpenAPIToolsServer\Org.OpenAPIToolsServer.csproj", "{E1C313D8-B9D3-444E-8899-7A8379B19DEE}"
EndProject
Project("{9A19103F-16F7-4668-BE54-9A1E7A4F7556}") = "Org.OpenAPITools", "Client\src\Org.OpenAPITools\Org.OpenAPITools.csproj", "{DB5ACB99-8DAF-4FD9-A960-F96E646A37D0}"
EndProject
Project("{9A19103F-16F7-4668-BE54-9A1E7A4F7556}") = "Org.OpenAPITools.Test", "Client\src\Org.OpenAPITools.Test\Org.OpenAPITools.Test.csproj", "{3D24F3C5-B7FB-4742-ADCB-7EE3FFCE1253}"
EndProject
Project("{9A19103F-16F7-4668-BE54-9A1E7A4F7556}") = "DAL1.RBB_CS", "DAL1.RBB_CS\DAL1.RBB_CS.csproj", "{D516D17E-F1B6-4F18-9D2C-35860FC165B3}"
EndProject
Project("{FAE04EC0-301F-11D3-BF4B-00C04F79EFBC}") = "Models.RBB_CS", "Models.RBB_CS\Models.RBB_CS.csproj", "{2301D567-1977-4D38-BD78-2DC8DCDF8D1E}"
EndProject
Global
	GlobalSection(SolutionConfigurationPlatforms) = preSolution
		Debug|Any CPU = Debug|Any CPU
		Release|Any CPU = Release|Any CPU
	EndGlobalSection
	GlobalSection(ProjectConfigurationPlatforms) = postSolution
		{936B75DB-59A7-4093-B32C-FED21C1D5425}.Debug|Any CPU.ActiveCfg = Debug|Any CPU
		{936B75DB-59A7-4093-B32C-FED21C1D5425}.Debug|Any CPU.Build.0 = Debug|Any CPU
		{936B75DB-59A7-4093-B32C-FED21C1D5425}.Release|Any CPU.ActiveCfg = Release|Any CPU
		{936B75DB-59A7-4093-B32C-FED21C1D5425}.Release|Any CPU.Build.0 = Release|Any CPU
		{E1C313D8-B9D3-444E-8899-7A8379B19DEE}.Debug|Any CPU.ActiveCfg = Debug|Any CPU
		{E1C313D8-B9D3-444E-8899-7A8379B19DEE}.Debug|Any CPU.Build.0 = Debug|Any CPU
		{E1C313D8-B9D3-444E-8899-7A8379B19DEE}.Release|Any CPU.ActiveCfg = Release|Any CPU
		{E1C313D8-B9D3-444E-8899-7A8379B19DEE}.Release|Any CPU.Build.0 = Release|Any CPU
		{DB5ACB99-8DAF-4FD9-A960-F96E646A37D0}.Debug|Any CPU.ActiveCfg = Debug|Any CPU
		{DB5ACB99-8DAF-4FD9-A960-F96E646A37D0}.Debug|Any CPU.Build.0 = Debug|Any CPU
		{DB5ACB99-8DAF-4FD9-A960-F96E646A37D0}.Release|Any CPU.ActiveCfg = Release|Any CPU
		{DB5ACB99-8DAF-4FD9-A960-F96E646A37D0}.Release|Any CPU.Build.0 = Release|Any CPU
		{3D24F3C5-B7FB-4742-ADCB-7EE3FFCE1253}.Debug|Any CPU.ActiveCfg = Debug|Any CPU
		{3D24F3C5-B7FB-4742-ADCB-7EE3FFCE1253}.Debug|Any CPU.Build.0 = Debug|Any CPU
		{3D24F3C5-B7FB-4742-ADCB-7EE3FFCE1253}.Release|Any CPU.ActiveCfg = Release|Any CPU
		{3D24F3C5-B7FB-4742-ADCB-7EE3FFCE1253}.Release|Any CPU.Build.0 = Release|Any CPU
		{D516D17E-F1B6-4F18-9D2C-35860FC165B3}.Debug|Any CPU.ActiveCfg = Debug|Any CPU
		{D516D17E-F1B6-4F18-9D2C-35860FC165B3}.Debug|Any CPU.Build.0 = Debug|Any CPU
		{D516D17E-F1B6-4F18-9D2C-35860FC165B3}.Release|Any CPU.ActiveCfg = Release|Any CPU
		{D516D17E-F1B6-4F18-9D2C-35860FC165B3}.Release|Any CPU.Build.0 = Release|Any CPU
		{2301D567-1977-4D38-BD78-2DC8DCDF8D1E}.Debug|Any CPU.ActiveCfg = Debug|Any CPU
		{2301D567-1977-4D38-BD78-2DC8DCDF8D1E}.Debug|Any CPU.Build.0 = Debug|Any CPU
		{2301D567-1977-4D38-BD78-2DC8DCDF8D1E}.Release|Any CPU.ActiveCfg = Release|Any CPU
		{2301D567-1977-4D38-BD78-2DC8DCDF8D1E}.Release|Any CPU.Build.0 = Release|Any CPU
	EndGlobalSection
	GlobalSection(SolutionProperties) = preSolution
		HideSolutionNode = FALSE
	EndGlobalSection
	GlobalSection(ExtensibilityGlobals) = postSolution
		SolutionGuid = {2D54C4C0-AC07-44D2-A120-C929DCE6EA20}
	EndGlobalSection
EndGlobal
